{
  "requires": true,
  "lockfileVersion": 1,
  "dependencies": {
    "balajs": {
      "version": "0.1.9",
      "resolved": "https://registry.npmjs.org/balajs/-/balajs-0.1.9.tgz",
      "integrity": "sha1-4D0eb7iNU8waJZGnv+xw0eUtjwA="
    },
    "element-closest": {
      "version": "2.0.2",
      "resolved": "https://registry.npmjs.org/element-closest/-/element-closest-2.0.2.tgz",
      "integrity": "sha1-cqdAoQdFM4LijfnOXbtajfD5Zuw="
    },
    "object-assign": {
      "version": "4.1.1",
      "resolved": "https://registry.npmjs.org/object-assign/-/object-assign-4.1.1.tgz",
      "integrity": "sha1-IQmtx5ZYh8/AXLvUQsrIv7s2CGM="
    },
    "vue-lazyload": {
      "version": "file:https:/registry.npm.taobao.org/vue-lazyload/download/vue-lazyload-1.3.1.tgz"
    },
    "we-vue": {
      "version": "file:https:/registry.npm.taobao.org/we-vue/download/we-vue-2.3.2.tgz",
      "requires": {
        "vue-lazyload": "^1.2.0",
        "weui": "^1.1.3"
      },
      "dependencies": {
        "vue-lazyload": {
          "version": "1.3.1",
          "resolved": "https://registry.npm.taobao.org/vue-lazyload/download/vue-lazyload-1.3.1.tgz"
        },
        "weui": {
          "version": "1.1.3",
          "resolved": "https://registry.npm.taobao.org/weui/download/weui-1.1.3.tgz"
        }
      }
    },
    "weui": {
      "version": "2.0.1",
      "resolved": "https://registry.npmjs.org/weui/-/weui-2.0.1.tgz",
      "integrity": "sha512-j/LzfURBS72kQySHaenzO61Mycz0BtzSsA7TDYB6bJ/t/vt4ZdDDzUh4YaqeITZBDZECgQ8xZhMWwjZU1rvUEg=="
    },
    "weui.js": {
      "version": "1.2.1",
      "resolved": "https://registry.npmjs.org/weui.js/-/weui.js-1.2.1.tgz",
      "integrity": "sha512-l6oPe1PS7GIyUQ+uiCXNa9p+R3y8D11cYnADi7MCpHXJpffZEAPkg+rDjM63P055lAdNFd9feHDT8ltBm0dqEQ==",
      "requires": {
        "balajs": "^0.1.9",
        "element-closest": "^2.0.1",
        "object-assign": "^4.1.0"
      }
    }
  }
}
